<?xml version="1.0" encoding="utf-8"?>
<Project ToolsVersion="4.0" xmlns="http://schemas.microsoft.com/developer/msbuild/2003">
  <ItemGroup>
    <Filter Include="include">
      <UniqueIdentifier>{7d28106b-14d5-4efa-bca5-35e6337789de}</UniqueIdentifier>
    </Filter>
    <Filter Include="src">
      <UniqueIdentifier>{d4cca326-8763-4405-a2ed-95c44105d5eb}</UniqueIdentifier>
    </Filter>
    <Filter Include="include\lua">
      <UniqueIdentifier>{8ec5edda-d49f-4534-b62c-6fb14ba1b463}</UniqueIdentifier>
    </Filter>
    <Filter Include="src\lua">
      <UniqueIdentifier>{81065931-bf08-4f41-8f68-68fceb69be1a}</UniqueIdentifier>
    </Filter>
    <Filter Include="src\miniz">
      <UniqueIdentifier>{543d2dc5-06e1-4dce-8774-526a58fc5cf0}</UniqueIdentifier>
    </Filter>
  </ItemGroup>
  <ItemGroup>
    <ClInclude Include="include\Application.h">
      <Filter>include</Filter>
    </ClInclude>
    <ClInclude Include="include\Command.h">
      <Filter>include</Filter>
    </ClInclude>
    <ClInclude Include="include\Compress.h">
      <Filter>include</Filter>
    </ClInclude>
    <ClInclude Include="include\CsvFile.h">
      <Filter>include</Filter>
    </ClInclude>
    <ClInclude Include="include\DateTime.h">
      <Filter>include</Filter>
    </ClInclude>
    <ClInclude Include="include\Guard.h">
      <Filter>include</Filter>
    </ClInclude>
    <ClInclude Include="include\IniFile.h">
      <Filter>include</Filter>
    </ClInclude>
    <ClInclude Include="include\Logger.h">
      <Filter>include</Filter>
    </ClInclude>
    <ClInclude Include="include\Network.h">
      <Filter>include</Filter>
    </ClInclude>
    <ClInclude Include="include\Path.h">
      <Filter>include</Filter>
    </ClInclude>
    <ClInclude Include="include\Pool.h">
      <Filter>include</Filter>
    </ClInclude>
    <ClInclude Include="include\Runnable.h">
      <Filter>include</Filter>
    </ClInclude>
    <ClInclude Include="include\Script.h">
      <Filter>include</Filter>
    </ClInclude>
    <ClInclude Include="include\Singleton.h">
      <Filter>include</Filter>
    </ClInclude>
    <ClInclude Include="include\Utils.h">
      <Filter>include</Filter>
    </ClInclude>
    <ClInclude Include="src\Miniz\miniz.h">
      <Filter>src\miniz</Filter>
    </ClInclude>
    <ClInclude Include="src\Lua\lapi.h">
      <Filter>src\lua</Filter>
    </ClInclude>
    <ClInclude Include="src\Lua\lcode.h">
      <Filter>src\lua</Filter>
    </ClInclude>
    <ClInclude Include="src\Lua\lctype.h">
      <Filter>src\lua</Filter>
    </ClInclude>
    <ClInclude Include="src\Lua\ldebug.h">
      <Filter>src\lua</Filter>
    </ClInclude>
    <ClInclude Include="src\Lua\ldo.h">
      <Filter>src\lua</Filter>
    </ClInclude>
    <ClInclude Include="src\Lua\lfunc.h">
      <Filter>src\lua</Filter>
    </ClInclude>
    <ClInclude Include="src\Lua\lgc.h">
      <Filter>src\lua</Filter>
    </ClInclude>
    <ClInclude Include="src\Lua\llex.h">
      <Filter>src\lua</Filter>
    </ClInclude>
    <ClInclude Include="src\Lua\llimits.h">
      <Filter>src\lua</Filter>
    </ClInclude>
    <ClInclude Include="src\Lua\lmem.h">
      <Filter>src\lua</Filter>
    </ClInclude>
    <ClInclude Include="src\Lua\lobject.h">
      <Filter>src\lua</Filter>
    </ClInclude>
    <ClInclude Include="src\Lua\lopcodes.h">
      <Filter>src\lua</Filter>
    </ClInclude>
    <ClInclude Include="src\Lua\lparser.h">
      <Filter>src\lua</Filter>
    </ClInclude>
    <ClInclude Include="src\Lua\lprefix.h">
      <Filter>src\lua</Filter>
    </ClInclude>
    <ClInclude Include="src\Lua\lstate.h">
      <Filter>src\lua</Filter>
    </ClInclude>
    <ClInclude Include="src\Lua\lstring.h">
      <Filter>src\lua</Filter>
    </ClInclude>
    <ClInclude Include="src\Lua\ltable.h">
      <Filter>src\lua</Filter>
    </ClInclude>
    <ClInclude Include="src\Lua\ltm.h">
      <Filter>src\lua</Filter>
    </ClInclude>
    <ClInclude Include="src\Lua\lundump.h">
      <Filter>src\lua</Filter>
    </ClInclude>
    <ClInclude Include="src\Lua\lvm.h">
      <Filter>src\lua</Filter>
    </ClInclude>
    <ClInclude Include="src\Lua\lzio.h">
      <Filter>src\lua</Filter>
    </ClInclude>
    <ClInclude Include="include\Lua\lauxlib.h">
      <Filter>include\lua</Filter>
    </ClInclude>
    <ClInclude Include="include\Lua\lua.h">
      <Filter>include\lua</Filter>
    </ClInclude>
    <ClInclude Include="include\Lua\luaconf.h">
      <Filter>include\lua</Filter>
    </ClInclude>
    <ClInclude Include="include\Lua\lualib.h">
      <Filter>include\lua</Filter>
    </ClInclude>
    <ClInclude Include="include\Crypto.h">
      <Filter>include</Filter>
    </ClInclude>
    <ClInclude Include="include\FastBuffer.h">
      <Filter>include</Filter>
    </ClInclude>
    <ClInclude Include="include\Json.h">
      <Filter>include</Filter>
    </ClInclude>
  </ItemGroup>
  <ItemGroup>
    <None Include="include\Script.inl">
      <Filter>include</Filter>
    </None>
  </ItemGroup>
  <ItemGroup>
    <ClCompile Include="src\Application.cc">
      <Filter>src</Filter>
    </ClCompile>
    <ClCompile Include="src\Command.cc">
      <Filter>src</Filter>
    </ClCompile>
    <ClCompile Include="src\Compress.cc">
      <Filter>src</Filter>
    </ClCompile>
    <ClCompile Include="src\CsvFile.cc">
      <Filter>src</Filter>
    </ClCompile>
    <ClCompile Include="src\DateTime.cc">
      <Filter>src</Filter>
    </ClCompile>
    <ClCompile Include="src\IniFile.cc">
      <Filter>src</Filter>
    </ClCompile>
    <ClCompile Include="src\Logger.cc">
      <Filter>src</Filter>
    </ClCompile>
    <ClCompile Include="src\Path.cc">
      <Filter>src</Filter>
    </ClCompile>
    <ClCompile Include="src\Runnable.cc">
      <Filter>src</Filter>
    </ClCompile>
    <ClCompile Include="src\Script.cc">
      <Filter>src</Filter>
    </ClCompile>
    <ClCompile Include="src\Utils.cc">
      <Filter>src</Filter>
    </ClCompile>
    <ClCompile Include="src\Miniz\miniz.cc">
      <Filter>src\miniz</Filter>
    </ClCompile>
    <ClCompile Include="src\Lua\lapi.c">
      <Filter>src\lua</Filter>
    </ClCompile>
    <ClCompile Include="src\Lua\lauxlib.c">
      <Filter>src\lua</Filter>
    </ClCompile>
    <ClCompile Include="src\Lua\lbaselib.c">
      <Filter>src\lua</Filter>
    </ClCompile>
    <ClCompile Include="src\Lua\lbitlib.c">
      <Filter>src\lua</Filter>
    </ClCompile>
    <ClCompile Include="src\Lua\lcode.c">
      <Filter>src\lua</Filter>
    </ClCompile>
    <ClCompile Include="src\Lua\lcorolib.c">
      <Filter>src\lua</Filter>
    </ClCompile>
    <ClCompile Include="src\Lua\lctype.c">
      <Filter>src\lua</Filter>
    </ClCompile>
    <ClCompile Include="src\Lua\ldblib.c">
      <Filter>src\lua</Filter>
    </ClCompile>
    <ClCompile Include="src\Lua\ldebug.c">
      <Filter>src\lua</Filter>
    </ClCompile>
    <ClCompile Include="src\Lua\ldo.c">
      <Filter>src\lua</Filter>
    </ClCompile>
    <ClCompile Include="src\Lua\ldump.c">
      <Filter>src\lua</Filter>
    </ClCompile>
    <ClCompile Include="src\Lua\lfunc.c">
      <Filter>src\lua</Filter>
    </ClCompile>
    <ClCompile Include="src\Lua\lgc.c">
      <Filter>src\lua</Filter>
    </ClCompile>
    <ClCompile Include="src\Lua\linit.c">
      <Filter>src\lua</Filter>
    </ClCompile>
    <ClCompile Include="src\Lua\liolib.c">
      <Filter>src\lua</Filter>
    </ClCompile>
    <ClCompile Include="src\Lua\llex.c">
      <Filter>src\lua</Filter>
    </ClCompile>
    <ClCompile Include="src\Lua\lmathlib.c">
      <Filter>src\lua</Filter>
    </ClCompile>
    <ClCompile Include="src\Lua\lmem.c">
      <Filter>src\lua</Filter>
    </ClCompile>
    <ClCompile Include="src\Lua\loadlib.c">
      <Filter>src\lua</Filter>
    </ClCompile>
    <ClCompile Include="src\Lua\lobject.c">
      <Filter>src\lua</Filter>
    </ClCompile>
    <ClCompile Include="src\Lua\lopcodes.c">
      <Filter>src\lua</Filter>
    </ClCompile>
    <ClCompile Include="src\Lua\loslib.c">
      <Filter>src\lua</Filter>
    </ClCompile>
    <ClCompile Include="src\Lua\lparser.c">
      <Filter>src\lua</Filter>
    </ClCompile>
    <ClCompile Include="src\Lua\lstate.c">
      <Filter>src\lua</Filter>
    </ClCompile>
    <ClCompile Include="src\Lua\lstring.c">
      <Filter>src\lua</Filter>
    </ClCompile>
    <ClCompile Include="src\Lua\lstrlib.c">
      <Filter>src\lua</Filter>
    </ClCompile>
    <ClCompile Include="src\Lua\ltable.c">
      <Filter>src\lua</Filter>
    </ClCompile>
    <ClCompile Include="src\Lua\ltablib.c">
      <Filter>src\lua</Filter>
    </ClCompile>
    <ClCompile Include="src\Lua\ltm.c">
      <Filter>src\lua</Filter>
    </ClCompile>
    <ClCompile Include="src\Lua\lundump.c">
      <Filter>src\lua</Filter>
    </ClCompile>
    <ClCompile Include="src\Lua\lutf8lib.c">
      <Filter>src\lua</Filter>
    </ClCompile>
    <ClCompile Include="src\Lua\lvm.c">
      <Filter>src\lua</Filter>
    </ClCompile>
    <ClCompile Include="src\Lua\lzio.c">
      <Filter>src\lua</Filter>
    </ClCompile>
    <ClCompile Include="src\Crypto.cc">
      <Filter>src</Filter>
    </ClCompile>
    <ClCompile Include="src\Network.Win32.cc">
      <Filter>src</Filter>
    </ClCompile>
    <ClCompile Include="src\Network.Unix.cc">
      <Filter>src</Filter>
    </ClCompile>
    <ClCompile Include="src\FastBuffer.cc">
      <Filter>src</Filter>
    </ClCompile>
    <ClCompile Include="src\Json.cc">
      <Filter>src</Filter>
    </ClCompile>
  </ItemGroup>
</Project>